
Microsoft Visual Studio Solution File, Format Version 12.00
# Visual Studio 15
VisualStudioVersion = 15.0.28307.271
MinimumVisualStudioVersion = 10.0.40219.1
Project("{FAE04EC0-301F-11D3-BF4B-00C04F79EFBC}") = "TimelineView.Android", "TimelineView\TimelineView.Android\TimelineView.Android.csproj", "{5727B5A2-00B8-4021-8B92-9DFB17D9545C}"
EndProject
Project("{FAE04EC0-301F-11D3-BF4B-00C04F79EFBC}") = "TimelineView.iOS", "TimelineView\TimelineView.iOS\TimelineView.iOS.csproj", "{89D647BB-B506-4901-A947-F00CD83583AD}"
EndProject
Project("{FAE04EC0-301F-11D3-BF4B-00C04F79EFBC}") = "TimelineView", "TimelineView\TimelineView\TimelineView.csproj", "{62C7E656-36DB-49B2-8FF2-1F6A5BE2392F}"
EndProject
Global
	GlobalSection(SolutionConfigurationPlatforms) = preSolution
		Ad-Hoc|Any CPU = Ad-Hoc|Any CPU
		Ad-Hoc|iPhone = Ad-Hoc|iPhone
		Ad-Hoc|iPhoneSimulator = Ad-Hoc|iPhoneSimulator
		AppStore|Any CPU = AppStore|Any CPU
		AppStore|iPhone = AppStore|iPhone
		AppStore|iPhoneSimulator = AppStore|iPhoneSimulator
		Debug|Any CPU = Debug|Any CPU
		Debug|iPhone = Debug|iPhone
		Debug|iPhoneSimulator = Debug|iPhoneSimulator
		Release|Any CPU = Release|Any CPU
		Release|iPhone = Release|iPhone
		Release|iPhoneSimulator = Release|iPhoneSimulator
	EndGlobalSection
	GlobalSection(ProjectConfigurationPlatforms) = postSolution
		{5727B5A2-00B8-4021-8B92-9DFB17D9545C}.Ad-Hoc|Any CPU.ActiveCfg = Release|Any CPU
		{5727B5A2-00B8-4021-8B92-9DFB17D9545C}.Ad-Hoc|Any CPU.Build.0 = Release|Any CPU
		{5727B5A2-00B8-4021-8B92-9DFB17D9545C}.Ad-Hoc|Any CPU.Deploy.0 = Release|Any CPU
		{5727B5A2-00B8-4021-8B92-9DFB17D9545C}.Ad-Hoc|iPhone.ActiveCfg = Release|Any CPU
		{5727B5A2-00B8-4021-8B92-9DFB17D9545C}.Ad-Hoc|iPhone.Build.0 = Release|Any CPU
		{5727B5A2-00B8-4021-8B92-9DFB17D9545C}.Ad-Hoc|iPhone.Deploy.0 = Release|Any CPU
		{5727B5A2-00B8-4021-8B92-9DFB17D9545C}.Ad-Hoc|iPhoneSimulator.ActiveCfg = Release|Any CPU
		{5727B5A2-00B8-4021-8B92-9DFB17D9545C}.Ad-Hoc|iPhoneSimulator.Build.0 = Release|Any CPU
		{5727B5A2-00B8-4021-8B92-9DFB17D9545C}.Ad-Hoc|iPhoneSimulator.Deploy.0 = Release|Any CPU
		{5727B5A2-00B8-4021-8B92-9DFB17D9545C}.AppStore|Any CPU.ActiveCfg = Release|Any CPU
		{5727B5A2-00B8-4021-8B92-9DFB17D9545C}.AppStore|Any CPU.Build.0 = Release|Any CPU
		{5727B5A2-00B8-4021-8B92-9DFB17D9545C}.AppStore|Any CPU.Deploy.0 = Release|Any CPU
		{5727B5A2-00B8-4021-8B92-9DFB17D9545C}.AppStore|iPhone.ActiveCfg = Release|Any CPU
		{5727B5A2-00B8-4021-8B92-9DFB17D9545C}.AppStore|iPhone.Build.0 = Release|Any CPU
		{5727B5A2-00B8-4021-8B92-9DFB17D9545C}.AppStore|iPhone.Deploy.0 = Release|Any CPU
		{5727B5A2-00B8-4021-8B92-9DFB17D9545C}.AppStore|iPhoneSimulator.ActiveCfg = Release|Any CPU
		{5727B5A2-00B8-4021-8B92-9DFB17D9545C}.AppStore|iPhoneSimulator.Build.0 = Release|Any CPU
		{5727B5A2-00B8-4021-8B92-9DFB17D9545C}.AppStore|iPhoneSimulator.Deploy.0 = Release|Any CPU
		{5727B5A2-00B8-4021-8B92-9DFB17D9545C}.Debug|Any CPU.ActiveCfg = Debug|Any CPU
		{5727B5A2-00B8-4021-8B92-9DFB17D9545C}.Debug|Any CPU.Build.0 = Debug|Any CPU
		{5727B5A2-00B8-4021-8B92-9DFB17D9545C}.Debug|Any CPU.Deploy.0 = Debug|Any CPU
		{5727B5A2-00B8-4021-8B92-9DFB17D9545C}.Debug|iPhone.ActiveCfg = Debug|Any CPU
		{5727B5A2-00B8-4021-8B92-9DFB17D9545C}.Debug|iPhone.Build.0 = Debug|Any CPU
		{5727B5A2-00B8-4021-8B92-9DFB17D9545C}.Debug|iPhone.Deploy.0 = Debug|Any CPU
		{5727B5A2-00B8-4021-8B92-9DFB17D9545C}.Debug|iPhoneSimulator.ActiveCfg = Debug|Any CPU
		{5727B5A2-00B8-4021-8B92-9DFB17D9545C}.Debug|iPhoneSimulator.Build.0 = Debug|Any CPU
		{5727B5A2-00B8-4021-8B92-9DFB17D9545C}.Debug|iPhoneSimulator.Deploy.0 = Debug|Any CPU
		{5727B5A2-00B8-4021-8B92-9DFB17D9545C}.Release|Any CPU.ActiveCfg = Release|Any CPU
		{5727B5A2-00B8-4021-8B92-9DFB17D9545C}.Release|Any CPU.Build.0 = Release|Any CPU
		{5727B5A2-00B8-4021-8B92-9DFB17D9545C}.Release|Any CPU.Deploy.0 = Release|Any CPU
		{5727B5A2-00B8-4021-8B92-9DFB17D9545C}.Release|iPhone.ActiveCfg = Release|Any CPU
		{5727B5A2-00B8-4021-8B92-9DFB17D9545C}.Release|iPhone.Build.0 = Release|Any CPU
		{5727B5A2-00B8-4021-8B92-9DFB17D9545C}.Release|iPhone.Deploy.0 = Release|Any CPU
		{5727B5A2-00B8-4021-8B92-9DFB17D9545C}.Release|iPhoneSimulator.ActiveCfg = Release|Any CPU
		{5727B5A2-00B8-4021-8B92-9DFB17D9545C}.Release|iPhoneSimulator.Build.0 = Release|Any CPU
		{5727B5A2-00B8-4021-8B92-9DFB17D9545C}.Release|iPhoneSimulator.Deploy.0 = Release|Any CPU
		{89D647BB-B506-4901-A947-F00CD83583AD}.Ad-Hoc|Any CPU.ActiveCfg = Ad-Hoc|iPhone
		{89D647BB-B506-4901-A947-F00CD83583AD}.Ad-Hoc|Any CPU.Build.0 = Ad-Hoc|iPhone
		{89D647BB-B506-4901-A947-F00CD83583AD}.Ad-Hoc|Any CPU.Deploy.0 = Ad-Hoc|iPhone
		{89D647BB-B506-4901-A947-F00CD83583AD}.Ad-Hoc|iPhone.ActiveCfg = Ad-Hoc|iPhone
		{89D647BB-B506-4901-A947-F00CD83583AD}.Ad-Hoc|iPhone.Build.0 = Ad-Hoc|iPhone
		{89D647BB-B506-4901-A947-F00CD83583AD}.Ad-Hoc|iPhone.Deploy.0 = Ad-Hoc|iPhone
		{89D647BB-B506-4901-A947-F00CD83583AD}.Ad-Hoc|iPhoneSimulator.ActiveCfg = Ad-Hoc|iPhoneSimulator
		{89D647BB-B506-4901-A947-F00CD83583AD}.Ad-Hoc|iPhoneSimulator.Build.0 = Ad-Hoc|iPhoneSimulator
		{89D647BB-B506-4901-A947-F00CD83583AD}.Ad-Hoc|iPhoneSimulator.Deploy.0 = Ad-Hoc|iPhoneSimulator
		{89D647BB-B506-4901-A947-F00CD83583AD}.AppStore|Any CPU.ActiveCfg = AppStore|iPhone
		{89D647BB-B506-4901-A947-F00CD83583AD}.AppStore|Any CPU.Build.0 = AppStore|iPhone
		{89D647BB-B506-4901-A947-F00CD83583AD}.AppStore|Any CPU.Deploy.0 = AppStore|iPhone
		{89D647BB-B506-4901-A947-F00CD83583AD}.AppStore|iPhone.ActiveCfg = AppStore|iPhone
		{89D647BB-B506-4901-A947-F00CD83583AD}.AppStore|iPhone.Build.0 = AppStore|iPhone
		{89D647BB-B506-4901-A947-F00CD83583AD}.AppStore|iPhone.Deploy.0 = AppStore|iPhone
		{89D647BB-B506-4901-A947-F00CD83583AD}.AppStore|iPhoneSimulator.ActiveCfg = AppStore|iPhoneSimulator
		{89D647BB-B506-4901-A947-F00CD83583AD}.AppStore|iPhoneSimulator.Build.0 = AppStore|iPhoneSimulator
		{89D647BB-B506-4901-A947-F00CD83583AD}.AppStore|iPhoneSimulator.Deploy.0 = AppStore|iPhoneSimulator
		{89D647BB-B506-4901-A947-F00CD83583AD}.Debug|Any CPU.ActiveCfg = Debug|iPhoneSimulator
		{89D647BB-B506-4901-A947-F00CD83583AD}.Debug|Any CPU.Build.0 = Debug|iPhoneSimulator
		{89D647BB-B506-4901-A947-F00CD83583AD}.Debug|Any CPU.Deploy.0 = Debug|iPhoneSimulator
		{89D647BB-B506-4901-A947-F00CD83583AD}.Debug|iPhone.ActiveCfg = Debug|iPhone
		{89D647BB-B506-4901-A947-F00CD83583AD}.Debug|iPhone.Build.0 = Debug|iPhone
		{89D647BB-B506-4901-A947-F00CD83583AD}.Debug|iPhone.Deploy.0 = Debug|iPhone
		{89D647BB-B506-4901-A947-F00CD83583AD}.Debug|iPhoneSimulator.ActiveCfg = Debug|iPhoneSimulator
		{89D647BB-B506-4901-A947-F00CD83583AD}.Debug|iPhoneSimulator.Build.0 = Debug|iPhoneSimulator
		{89D647BB-B506-4901-A947-F00CD83583AD}.Debug|iPhoneSimulator.Deploy.0 = Debug|iPhoneSimulator
		{89D647BB-B506-4901-A947-F00CD83583AD}.Release|Any CPU.ActiveCfg = Release|iPhone
		{89D647BB-B506-4901-A947-F00CD83583AD}.Release|Any CPU.Build.0 = Release|iPhone
		{89D647BB-B506-4901-A947-F00CD83583AD}.Release|Any CPU.Deploy.0 = Release|iPhone
		{89D647BB-B506-4901-A947-F00CD83583AD}.Release|iPhone.ActiveCfg = Release|iPhone
		{89D647BB-B506-4901-A947-F00CD83583AD}.Release|iPhone.Build.0 = Release|iPhone
		{89D647BB-B506-4901-A947-F00CD83583AD}.Release|iPhone.Deploy.0 = Release|iPhone
		{89D647BB-B506-4901-A947-F00CD83583AD}.Release|iPhoneSimulator.ActiveCfg = Release|iPhoneSimulator
		{89D647BB-B506-4901-A947-F00CD83583AD}.Release|iPhoneSimulator.Build.0 = Release|iPhoneSimulator
		{89D647BB-B506-4901-A947-F00CD83583AD}.Release|iPhoneSimulator.Deploy.0 = Release|iPhoneSimulator
		{62C7E656-36DB-49B2-8FF2-1F6A5BE2392F}.Ad-Hoc|Any CPU.ActiveCfg = Debug|Any CPU
		{62C7E656-36DB-49B2-8FF2-1F6A5BE2392F}.Ad-Hoc|Any CPU.Build.0 = Debug|Any CPU
		{62C7E656-36DB-49B2-8FF2-1F6A5BE2392F}.Ad-Hoc|Any CPU.Deploy.0 = Debug|Any CPU
		{62C7E656-36DB-49B2-8FF2-1F6A5BE2392F}.Ad-Hoc|iPhone.ActiveCfg = Debug|Any CPU
		{62C7E656-36DB-49B2-8FF2-1F6A5BE2392F}.Ad-Hoc|iPhone.Build.0 = Debug|Any CPU
		{62C7E656-36DB-49B2-8FF2-1F6A5BE2392F}.Ad-Hoc|iPhone.Deploy.0 = Debug|Any CPU
		{62C7E656-36DB-49B2-8FF2-1F6A5BE2392F}.Ad-Hoc|iPhoneSimulator.ActiveCfg = Debug|Any CPU
		{62C7E656-36DB-49B2-8FF2-1F6A5BE2392F}.Ad-Hoc|iPhoneSimulator.Build.0 = Debug|Any CPU
		{62C7E656-36DB-49B2-8FF2-1F6A5BE2392F}.Ad-Hoc|iPhoneSimulator.Deploy.0 = Debug|Any CPU
		{62C7E656-36DB-49B2-8FF2-1F6A5BE2392F}.AppStore|Any CPU.ActiveCfg = Debug|Any CPU
		{62C7E656-36DB-49B2-8FF2-1F6A5BE2392F}.AppStore|Any CPU.Build.0 = Debug|Any CPU
		{62C7E656-36DB-49B2-8FF2-1F6A5BE2392F}.AppStore|Any CPU.Deploy.0 = Debug|Any CPU
		{62C7E656-36DB-49B2-8FF2-1F6A5BE2392F}.AppStore|iPhone.ActiveCfg = Debug|Any CPU
		{62C7E656-36DB-49B2-8FF2-1F6A5BE2392F}.AppStore|iPhone.Build.0 = Debug|Any CPU
		{62C7E656-36DB-49B2-8FF2-1F6A5BE2392F}.AppStore|iPhone.Deploy.0 = Debug|Any CPU
		{62C7E656-36DB-49B2-8FF2-1F6A5BE2392F}.AppStore|iPhoneSimulator.ActiveCfg = Debug|Any CPU
		{62C7E656-36DB-49B2-8FF2-1F6A5BE2392F}.AppStore|iPhoneSimulator.Build.0 = Debug|Any CPU
		{62C7E656-36DB-49B2-8FF2-1F6A5BE2392F}.AppStore|iPhoneSimulator.Deploy.0 = Debug|Any CPU
		{62C7E656-36DB-49B2-8FF2-1F6A5BE2392F}.Debug|Any CPU.ActiveCfg = Debug|Any CPU
		{62C7E656-36DB-49B2-8FF2-1F6A5BE2392F}.Debug|Any CPU.Build.0 = Debug|Any CPU
		{62C7E656-36DB-49B2-8FF2-1F6A5BE2392F}.Debug|Any CPU.Deploy.0 = Debug|Any CPU
		{62C7E656-36DB-49B2-8FF2-1F6A5BE2392F}.Debug|iPhone.ActiveCfg = Debug|Any CPU
		{62C7E656-36DB-49B2-8FF2-1F6A5BE2392F}.Debug|iPhone.Build.0 = Debug|Any CPU
		{62C7E656-36DB-49B2-8FF2-1F6A5BE2392F}.Debug|iPhone.Deploy.0 = Debug|Any CPU
		{62C7E656-36DB-49B2-8FF2-1F6A5BE2392F}.Debug|iPhoneSimulator.ActiveCfg = Debug|Any CPU
		{62C7E656-36DB-49B2-8FF2-1F6A5BE2392F}.Debug|iPhoneSimulator.Build.0 = Debug|Any CPU
		{62C7E656-36DB-49B2-8FF2-1F6A5BE2392F}.Debug|iPhoneSimulator.Deploy.0 = Debug|Any CPU
		{62C7E656-36DB-49B2-8FF2-1F6A5BE2392F}.Release|Any CPU.ActiveCfg = Release|Any CPU
		{62C7E656-36DB-49B2-8FF2-1F6A5BE2392F}.Release|Any CPU.Build.0 = Release|Any CPU
		{62C7E656-36DB-49B2-8FF2-1F6A5BE2392F}.Release|Any CPU.Deploy.0 = Release|Any CPU
		{62C7E656-36DB-49B2-8FF2-1F6A5BE2392F}.Release|iPhone.ActiveCfg = Release|Any CPU
		{62C7E656-36DB-49B2-8FF2-1F6A5BE2392F}.Release|iPhone.Build.0 = Release|Any CPU
		{62C7E656-36DB-49B2-8FF2-1F6A5BE2392F}.Release|iPhone.Deploy.0 = Release|Any CPU
		{62C7E656-36DB-49B2-8FF2-1F6A5BE2392F}.Release|iPhoneSimulator.ActiveCfg = Release|Any CPU
		{62C7E656-36DB-49B2-8FF2-1F6A5BE2392F}.Release|iPhoneSimulator.Build.0 = Release|Any CPU
		{62C7E656-36DB-49B2-8FF2-1F6A5BE2392F}.Release|iPhoneSimulator.Deploy.0 = Release|Any CPU
	EndGlobalSection
	GlobalSection(SolutionProperties) = preSolution
		HideSolutionNode = FALSE
	EndGlobalSection
	GlobalSection(ExtensibilityGlobals) = postSolution
		SolutionGuid = {76DBC346-82CC-4DB0-9D97-FD27C8F5891A}
	EndGlobalSection
EndGlobal
